# THIS IS AN AUTOGENERATED FILE. DO NOT EDIT THIS FILE DIRECTLY.
# yarn lockfile v1


"@account-abstraction/contracts@^0.6.0":
  version "0.6.0"
  resolved "https://registry.npmjs.org/@account-abstraction/contracts/-/contracts-0.6.0.tgz"
  integrity sha512-8ooRJuR7XzohMDM4MV34I12Ci2bmxfE9+cixakRL7lA4BAwJKQ3ahvd8FbJa9kiwkUPCUNtj+/zxDQWYYalLMQ==

"@account-abstraction/sdk@^0.6.0":
  version "0.6.0"
  resolved "https://registry.npmjs.org/@account-abstraction/sdk/-/sdk-0.6.0.tgz"
  integrity sha512-zZNOhMCNUTi8UkCks5x5GKAbuc7pjbsZzbCivfqlPRoldulG7ieauyVwQfnDxR3Qe0jsop7WWnShMmObe4sw/A==
  dependencies:
    "@account-abstraction/contracts" "^0.6.0"
    "@account-abstraction/utils" "^0.6.0"
    "@ethersproject/abstract-provider" "^5.7.0"
    "@ethersproject/abstract-signer" "^5.7.0"
    "@ethersproject/networks" "^5.7.0"
    "@ethersproject/properties" "^5.7.0"
    "@ethersproject/providers" "^5.7.0"
    "@types/debug" "^4.1.7"
    debug "^4.3.4"
    ethers "^5.7.0"

"@account-abstraction/utils@^0.6.0":
  version "0.6.0"
  resolved "https://registry.npmjs.org/@account-abstraction/utils/-/utils-0.6.0.tgz"
  integrity sha512-K99c3TNrKjxXDkLLAYOP6DCg0v0FGqQmSQh+NCC9R44k8OOzQ7aOrfOxAqhRYWvhZnNiI4+BVdSrkvyzAXaLJw==
  dependencies:
    "@account-abstraction/contracts" "^0.6.0"
    "@ethersproject/abi" "^5.7.0"
    "@ethersproject/providers" "^5.7.0"
    "@openzeppelin/contracts" "^4.7.3"
    debug "^4.3.4"
    ethers "^5.7.0"

"@cspotcode/source-map-support@^0.8.0":
  version "0.8.1"
  resolved "https://registry.npmjs.org/@cspotcode/source-map-support/-/source-map-support-0.8.1.tgz"
  integrity sha512-IchNf6dN4tHoMFIn/7OE8LWZ19Y6q/67Bmf6vnGREv8RSbBVb9LPJxEcnwrcwX6ixSvaiGoomAUvu4YSxXrVgw==
  dependencies:
    "@jridgewell/trace-mapping" "0.3.9"

"@ethersproject/abi@^5.7.0", "@ethersproject/abi@^5.8.0", "@ethersproject/abi@5.8.0":
  version "5.8.0"
  resolved "https://registry.npmjs.org/@ethersproject/abi/-/abi-5.8.0.tgz"
  integrity sha512-b9YS/43ObplgyV6SlyQsG53/vkSal0MNA1fskSC4mbnCMi8R+NkcH8K9FPYNESf6jUefBUniE4SOKms0E/KK1Q==
  dependencies:
    "@ethersproject/address" "^5.8.0"
    "@ethersproject/bignumber" "^5.8.0"
    "@ethersproject/bytes" "^5.8.0"
    "@ethersproject/constants" "^5.8.0"
    "@ethersproject/hash" "^5.8.0"
    "@ethersproject/keccak256" "^5.8.0"
    "@ethersproject/logger" "^5.8.0"
    "@ethersproject/properties" "^5.8.0"
    "@ethersproject/strings" "^5.8.0"

"@ethersproject/abstract-provider@^5.7.0", "@ethersproject/abstract-provider@^5.8.0", "@ethersproject/abstract-provider@5.8.0":
  version "5.8.0"
  resolved "https://registry.npmjs.org/@ethersproject/abstract-provider/-/abstract-provider-5.8.0.tgz"
  integrity sha512-wC9SFcmh4UK0oKuLJQItoQdzS/qZ51EJegK6EmAWlh+OptpQ/npECOR3QqECd8iGHC0RJb4WKbVdSfif4ammrg==
  dependencies:
    "@ethersproject/bignumber" "^5.8.0"
    "@ethersproject/bytes" "^5.8.0"
    "@ethersproject/logger" "^5.8.0"
    "@ethersproject/networks" "^5.8.0"
    "@ethersproject/properties" "^5.8.0"
    "@ethersproject/transactions" "^5.8.0"
    "@ethersproject/web" "^5.8.0"

"@ethersproject/abstract-signer@^5.7.0", "@ethersproject/abstract-signer@^5.8.0", "@ethersproject/abstract-signer@5.8.0":
  version "5.8.0"
  resolved "https://registry.npmjs.org/@ethersproject/abstract-signer/-/abstract-signer-5.8.0.tgz"
  integrity sha512-N0XhZTswXcmIZQdYtUnd79VJzvEwXQw6PK0dTl9VoYrEBxxCPXqS0Eod7q5TNKRxe1/5WUMuR0u0nqTF/avdCA==
  dependencies:
    "@ethersproject/abstract-provider" "^5.8.0"
    "@ethersproject/bignumber" "^5.8.0"
    "@ethersproject/bytes" "^5.8.0"
    "@ethersproject/logger" "^5.8.0"
    "@ethersproject/properties" "^5.8.0"

"@ethersproject/address@^5.8.0", "@ethersproject/address@5.8.0":
  version "5.8.0"
  resolved "https://registry.npmjs.org/@ethersproject/address/-/address-5.8.0.tgz"
  integrity sha512-GhH/abcC46LJwshoN+uBNoKVFPxUuZm6dA257z0vZkKmU1+t8xTn8oK7B9qrj8W2rFRMch4gbJl6PmVxjxBEBA==
  dependencies:
    "@ethersproject/bignumber" "^5.8.0"
    "@ethersproject/bytes" "^5.8.0"
    "@ethersproject/keccak256" "^5.8.0"
    "@ethersproject/logger" "^5.8.0"
    "@ethersproject/rlp" "^5.8.0"

"@ethersproject/base64@^5.8.0", "@ethersproject/base64@5.8.0":
  version "5.8.0"
  resolved "https://registry.npmjs.org/@ethersproject/base64/-/base64-5.8.0.tgz"
  integrity sha512-lN0oIwfkYj9LbPx4xEkie6rAMJtySbpOAFXSDVQaBnAzYfB4X2Qr+FXJGxMoc3Bxp2Sm8OwvzMrywxyw0gLjIQ==
  dependencies:
    "@ethersproject/bytes" "^5.8.0"

"@ethersproject/basex@^5.8.0", "@ethersproject/basex@5.8.0":
  version "5.8.0"
  resolved "https://registry.npmjs.org/@ethersproject/basex/-/basex-5.8.0.tgz"
  integrity sha512-PIgTszMlDRmNwW9nhS6iqtVfdTAKosA7llYXNmGPw4YAI1PUyMv28988wAb41/gHF/WqGdoLv0erHaRcHRKW2Q==
  dependencies:
    "@ethersproject/bytes" "^5.8.0"
    "@ethersproject/properties" "^5.8.0"

"@ethersproject/bignumber@^5.8.0", "@ethersproject/bignumber@5.8.0":
  version "5.8.0"
  resolved "https://registry.npmjs.org/@ethersproject/bignumber/-/bignumber-5.8.0.tgz"
  integrity sha512-ZyaT24bHaSeJon2tGPKIiHszWjD/54Sz8t57Toch475lCLljC6MgPmxk7Gtzz+ddNN5LuHea9qhAe0x3D+uYPA==
  dependencies:
    "@ethersproject/bytes" "^5.8.0"
    "@ethersproject/logger" "^5.8.0"
    bn.js "^5.2.1"

"@ethersproject/bytes@^5.8.0", "@ethersproject/bytes@5.8.0":
  version "5.8.0"
  resolved "https://registry.npmjs.org/@ethersproject/bytes/-/bytes-5.8.0.tgz"
  integrity sha512-vTkeohgJVCPVHu5c25XWaWQOZ4v+DkGoC42/TS2ond+PARCxTJvgTFUNDZovyQ/uAQ4EcpqqowKydcdmRKjg7A==
  dependencies:
    "@ethersproject/logger" "^5.8.0"

"@ethersproject/constants@^5.8.0", "@ethersproject/constants@5.8.0":
  version "5.8.0"
  resolved "https://registry.npmjs.org/@ethersproject/constants/-/constants-5.8.0.tgz"
  integrity sha512-wigX4lrf5Vu+axVTIvNsuL6YrV4O5AXl5ubcURKMEME5TnWBouUh0CDTWxZ2GpnRn1kcCgE7l8O5+VbV9QTTcg==
  dependencies:
    "@ethersproject/bignumber" "^5.8.0"

"@ethersproject/contracts@5.8.0":
  version "5.8.0"
  resolved "https://registry.npmjs.org/@ethersproject/contracts/-/contracts-5.8.0.tgz"
  integrity sha512-0eFjGz9GtuAi6MZwhb4uvUM216F38xiuR0yYCjKJpNfSEy4HUM8hvqqBj9Jmm0IUz8l0xKEhWwLIhPgxNY0yvQ==
  dependencies:
    "@ethersproject/abi" "^5.8.0"
    "@ethersproject/abstract-provider" "^5.8.0"
    "@ethersproject/abstract-signer" "^5.8.0"
    "@ethersproject/address" "^5.8.0"
    "@ethersproject/bignumber" "^5.8.0"
    "@ethersproject/bytes" "^5.8.0"
    "@ethersproject/constants" "^5.8.0"
    "@ethersproject/logger" "^5.8.0"
    "@ethersproject/properties" "^5.8.0"
    "@ethersproject/transactions" "^5.8.0"

"@ethersproject/hash@^5.8.0", "@ethersproject/hash@5.8.0":
  version "5.8.0"
  resolved "https://registry.npmjs.org/@ethersproject/hash/-/hash-5.8.0.tgz"
  integrity sha512-ac/lBcTbEWW/VGJij0CNSw/wPcw9bSRgCB0AIBz8CvED/jfvDoV9hsIIiWfvWmFEi8RcXtlNwp2jv6ozWOsooA==
  dependencies:
    "@ethersproject/abstract-signer" "^5.8.0"
    "@ethersproject/address" "^5.8.0"
    "@ethersproject/base64" "^5.8.0"
    "@ethersproject/bignumber" "^5.8.0"
    "@ethersproject/bytes" "^5.8.0"
    "@ethersproject/keccak256" "^5.8.0"
    "@ethersproject/logger" "^5.8.0"
    "@ethersproject/properties" "^5.8.0"
    "@ethersproject/strings" "^5.8.0"

"@ethersproject/hdnode@^5.8.0", "@ethersproject/hdnode@5.8.0":
  version "5.8.0"
  resolved "https://registry.npmjs.org/@ethersproject/hdnode/-/hdnode-5.8.0.tgz"
  integrity sha512-4bK1VF6E83/3/Im0ERnnUeWOY3P1BZml4ZD3wcH8Ys0/d1h1xaFt6Zc+Dh9zXf9TapGro0T4wvO71UTCp3/uoA==
  dependencies:
    "@ethersproject/abstract-signer" "^5.8.0"
    "@ethersproject/basex" "^5.8.0"
    "@ethersproject/bignumber" "^5.8.0"
    "@ethersproject/bytes" "^5.8.0"
    "@ethersproject/logger" "^5.8.0"
    "@ethersproject/pbkdf2" "^5.8.0"
    "@ethersproject/properties" "^5.8.0"
    "@ethersproject/sha2" "^5.8.0"
    "@ethersproject/signing-key" "^5.8.0"
    "@ethersproject/strings" "^5.8.0"
    "@ethersproject/transactions" "^5.8.0"
    "@ethersproject/wordlists" "^5.8.0"

"@ethersproject/json-wallets@^5.8.0", "@ethersproject/json-wallets@5.8.0":
  version "5.8.0"
  resolved "https://registry.npmjs.org/@ethersproject/json-wallets/-/json-wallets-5.8.0.tgz"
  integrity sha512-HxblNck8FVUtNxS3VTEYJAcwiKYsBIF77W15HufqlBF9gGfhmYOJtYZp8fSDZtn9y5EaXTE87zDwzxRoTFk11w==
  dependencies:
    "@ethersproject/abstract-signer" "^5.8.0"
    "@ethersproject/address" "^5.8.0"
    "@ethersproject/bytes" "^5.8.0"
    "@ethersproject/hdnode" "^5.8.0"
    "@ethersproject/keccak256" "^5.8.0"
    "@ethersproject/logger" "^5.8.0"
    "@ethersproject/pbkdf2" "^5.8.0"
    "@ethersproject/properties" "^5.8.0"
    "@ethersproject/random" "^5.8.0"
    "@ethersproject/strings" "^5.8.0"
    "@ethersproject/transactions" "^5.8.0"
    aes-js "3.0.0"
    scrypt-js "3.0.1"

"@ethersproject/keccak256@^5.8.0", "@ethersproject/keccak256@5.8.0":
  version "5.8.0"
  resolved "https://registry.npmjs.org/@ethersproject/keccak256/-/keccak256-5.8.0.tgz"
  integrity sha512-A1pkKLZSz8pDaQ1ftutZoaN46I6+jvuqugx5KYNeQOPqq+JZ0Txm7dlWesCHB5cndJSu5vP2VKptKf7cksERng==
  dependencies:
    "@ethersproject/bytes" "^5.8.0"
    js-sha3 "0.8.0"

"@ethersproject/logger@^5.8.0", "@ethersproject/logger@5.8.0":
  version "5.8.0"
  resolved "https://registry.npmjs.org/@ethersproject/logger/-/logger-5.8.0.tgz"
  integrity sha512-Qe6knGmY+zPPWTC+wQrpitodgBfH7XoceCGL5bJVejmH+yCS3R8jJm8iiWuvWbG76RUmyEG53oqv6GMVWqunjA==

"@ethersproject/networks@^5.7.0", "@ethersproject/networks@^5.8.0", "@ethersproject/networks@5.8.0":
  version "5.8.0"
  resolved "https://registry.npmjs.org/@ethersproject/networks/-/networks-5.8.0.tgz"
  integrity sha512-egPJh3aPVAzbHwq8DD7Po53J4OUSsA1MjQp8Vf/OZPav5rlmWUaFLiq8cvQiGK0Z5K6LYzm29+VA/p4RL1FzNg==
  dependencies:
    "@ethersproject/logger" "^5.8.0"

"@ethersproject/pbkdf2@^5.8.0", "@ethersproject/pbkdf2@5.8.0":
  version "5.8.0"
  resolved "https://registry.npmjs.org/@ethersproject/pbkdf2/-/pbkdf2-5.8.0.tgz"
  integrity sha512-wuHiv97BrzCmfEaPbUFpMjlVg/IDkZThp9Ri88BpjRleg4iePJaj2SW8AIyE8cXn5V1tuAaMj6lzvsGJkGWskg==
  dependencies:
    "@ethersproject/bytes" "^5.8.0"
    "@ethersproject/sha2" "^5.8.0"

"@ethersproject/properties@^5.7.0", "@ethersproject/properties@^5.8.0", "@ethersproject/properties@5.8.0":
  version "5.8.0"
  resolved "https://registry.npmjs.org/@ethersproject/properties/-/properties-5.8.0.tgz"
  integrity sha512-PYuiEoQ+FMaZZNGrStmN7+lWjlsoufGIHdww7454FIaGdbe/p5rnaCXTr5MtBYl3NkeoVhHZuyzChPeGeKIpQw==
  dependencies:
    "@ethersproject/logger" "^5.8.0"

"@ethersproject/providers@^5.7.0", "@ethersproject/providers@5.8.0":
  version "5.8.0"
  resolved "https://registry.npmjs.org/@ethersproject/providers/-/providers-5.8.0.tgz"
  integrity sha512-3Il3oTzEx3o6kzcg9ZzbE+oCZYyY+3Zh83sKkn4s1DZfTUjIegHnN2Cm0kbn9YFy45FDVcuCLLONhU7ny0SsCw==
  dependencies:
    "@ethersproject/abstract-provider" "^5.8.0"
    "@ethersproject/abstract-signer" "^5.8.0"
    "@ethersproject/address" "^5.8.0"
    "@ethersproject/base64" "^5.8.0"
    "@ethersproject/basex" "^5.8.0"
    "@ethersproject/bignumber" "^5.8.0"
    "@ethersproject/bytes" "^5.8.0"
    "@ethersproject/constants" "^5.8.0"
    "@ethersproject/hash" "^5.8.0"
    "@ethersproject/logger" "^5.8.0"
    "@ethersproject/networks" "^5.8.0"
    "@ethersproject/properties" "^5.8.0"
    "@ethersproject/random" "^5.8.0"
    "@ethersproject/rlp" "^5.8.0"
    "@ethersproject/sha2" "^5.8.0"
    "@ethersproject/strings" "^5.8.0"
    "@ethersproject/transactions" "^5.8.0"
    "@ethersproject/web" "^5.8.0"
    bech32 "1.1.4"
    ws "8.18.0"

"@ethersproject/random@^5.8.0", "@ethersproject/random@5.8.0":
  version "5.8.0"
  resolved "https://registry.npmjs.org/@ethersproject/random/-/random-5.8.0.tgz"
  integrity sha512-E4I5TDl7SVqyg4/kkA/qTfuLWAQGXmSOgYyO01So8hLfwgKvYK5snIlzxJMk72IFdG/7oh8yuSqY2KX7MMwg+A==
  dependencies:
    "@ethersproject/bytes" "^5.8.0"
    "@ethersproject/logger" "^5.8.0"

"@ethersproject/rlp@^5.8.0", "@ethersproject/rlp@5.8.0":
  version "5.8.0"
  resolved "https://registry.npmjs.org/@ethersproject/rlp/-/rlp-5.8.0.tgz"
  integrity sha512-LqZgAznqDbiEunaUvykH2JAoXTT9NV0Atqk8rQN9nx9SEgThA/WMx5DnW8a9FOufo//6FZOCHZ+XiClzgbqV9Q==
  dependencies:
    "@ethersproject/bytes" "^5.8.0"
    "@ethersproject/logger" "^5.8.0"

"@ethersproject/sha2@^5.8.0", "@ethersproject/sha2@5.8.0":
  version "5.8.0"
  resolved "https://registry.npmjs.org/@ethersproject/sha2/-/sha2-5.8.0.tgz"
  integrity sha512-dDOUrXr9wF/YFltgTBYS0tKslPEKr6AekjqDW2dbn1L1xmjGR+9GiKu4ajxovnrDbwxAKdHjW8jNcwfz8PAz4A==
  dependencies:
    "@ethersproject/bytes" "^5.8.0"
    "@ethersproject/logger" "^5.8.0"
    hash.js "1.1.7"

"@ethersproject/signing-key@^5.8.0", "@ethersproject/signing-key@5.8.0":
  version "5.8.0"
  resolved "https://registry.npmjs.org/@ethersproject/signing-key/-/signing-key-5.8.0.tgz"
  integrity sha512-LrPW2ZxoigFi6U6aVkFN/fa9Yx/+4AtIUe4/HACTvKJdhm0eeb107EVCIQcrLZkxaSIgc/eCrX8Q1GtbH+9n3w==
  dependencies:
    "@ethersproject/bytes" "^5.8.0"
    "@ethersproject/logger" "^5.8.0"
    "@ethersproject/properties" "^5.8.0"
    bn.js "^5.2.1"
    elliptic "6.6.1"
    hash.js "1.1.7"

"@ethersproject/solidity@5.8.0":
  version "5.8.0"
  resolved "https://registry.npmjs.org/@ethersproject/solidity/-/solidity-5.8.0.tgz"
  integrity sha512-4CxFeCgmIWamOHwYN9d+QWGxye9qQLilpgTU0XhYs1OahkclF+ewO+3V1U0mvpiuQxm5EHHmv8f7ClVII8EHsA==
  dependencies:
    "@ethersproject/bignumber" "^5.8.0"
    "@ethersproject/bytes" "^5.8.0"
    "@ethersproject/keccak256" "^5.8.0"
    "@ethersproject/logger" "^5.8.0"
    "@ethersproject/sha2" "^5.8.0"
    "@ethersproject/strings" "^5.8.0"

"@ethersproject/strings@^5.8.0", "@ethersproject/strings@5.8.0":
  version "5.8.0"
  resolved "https://registry.npmjs.org/@ethersproject/strings/-/strings-5.8.0.tgz"
  integrity sha512-qWEAk0MAvl0LszjdfnZ2uC8xbR2wdv4cDabyHiBh3Cldq/T8dPH3V4BbBsAYJUeonwD+8afVXld274Ls+Y1xXg==
  dependencies:
    "@ethersproject/bytes" "^5.8.0"
    "@ethersproject/constants" "^5.8.0"
    "@ethersproject/logger" "^5.8.0"

"@ethersproject/transactions@^5.8.0", "@ethersproject/transactions@5.8.0":
  version "5.8.0"
  resolved "https://registry.npmjs.org/@ethersproject/transactions/-/transactions-5.8.0.tgz"
  integrity sha512-UglxSDjByHG0TuU17bDfCemZ3AnKO2vYrL5/2n2oXvKzvb7Cz+W9gOWXKARjp2URVwcWlQlPOEQyAviKwT4AHg==
  dependencies:
    "@ethersproject/address" "^5.8.0"
    "@ethersproject/bignumber" "^5.8.0"
    "@ethersproject/bytes" "^5.8.0"
    "@ethersproject/constants" "^5.8.0"
    "@ethersproject/keccak256" "^5.8.0"
    "@ethersproject/logger" "^5.8.0"
    "@ethersproject/properties" "^5.8.0"
    "@ethersproject/rlp" "^5.8.0"
    "@ethersproject/signing-key" "^5.8.0"

"@ethersproject/units@5.8.0":
  version "5.8.0"
  resolved "https://registry.npmjs.org/@ethersproject/units/-/units-5.8.0.tgz"
  integrity sha512-lxq0CAnc5kMGIiWW4Mr041VT8IhNM+Pn5T3haO74XZWFulk7wH1Gv64HqE96hT4a7iiNMdOCFEBgaxWuk8ETKQ==
  dependencies:
    "@ethersproject/bignumber" "^5.8.0"
    "@ethersproject/constants" "^5.8.0"
    "@ethersproject/logger" "^5.8.0"

"@ethersproject/wallet@5.8.0":
  version "5.8.0"
  resolved "https://registry.npmjs.org/@ethersproject/wallet/-/wallet-5.8.0.tgz"
  integrity sha512-G+jnzmgg6UxurVKRKvw27h0kvG75YKXZKdlLYmAHeF32TGUzHkOFd7Zn6QHOTYRFWnfjtSSFjBowKo7vfrXzPA==
  dependencies:
    "@ethersproject/abstract-provider" "^5.8.0"
    "@ethersproject/abstract-signer" "^5.8.0"
    "@ethersproject/address" "^5.8.0"
    "@ethersproject/bignumber" "^5.8.0"
    "@ethersproject/bytes" "^5.8.0"
    "@ethersproject/hash" "^5.8.0"
    "@ethersproject/hdnode" "^5.8.0"
    "@ethersproject/json-wallets" "^5.8.0"
    "@ethersproject/keccak256" "^5.8.0"
    "@ethersproject/logger" "^5.8.0"
    "@ethersproject/properties" "^5.8.0"
    "@ethersproject/random" "^5.8.0"
    "@ethersproject/signing-key" "^5.8.0"
    "@ethersproject/transactions" "^5.8.0"
    "@ethersproject/wordlists" "^5.8.0"

"@ethersproject/web@^5.8.0", "@ethersproject/web@5.8.0":
  version "5.8.0"
  resolved "https://registry.npmjs.org/@ethersproject/web/-/web-5.8.0.tgz"
  integrity sha512-j7+Ksi/9KfGviws6Qtf9Q7KCqRhpwrYKQPs+JBA/rKVFF/yaWLHJEH3zfVP2plVu+eys0d2DlFmhoQJayFewcw==
  dependencies:
    "@ethersproject/base64" "^5.8.0"
    "@ethersproject/bytes" "^5.8.0"
    "@ethersproject/logger" "^5.8.0"
    "@ethersproject/properties" "^5.8.0"
    "@ethersproject/strings" "^5.8.0"

"@ethersproject/wordlists@^5.8.0", "@ethersproject/wordlists@5.8.0":
  version "5.8.0"
  resolved "https://registry.npmjs.org/@ethersproject/wordlists/-/wordlists-5.8.0.tgz"
  integrity sha512-2df9bbXicZws2Sb5S6ET493uJ0Z84Fjr3pC4tu/qlnZERibZCeUVuqdtt+7Tv9xxhUxHoIekIA7avrKUWHrezg==
  dependencies:
    "@ethersproject/bytes" "^5.8.0"
    "@ethersproject/hash" "^5.8.0"
    "@ethersproject/logger" "^5.8.0"
    "@ethersproject/properties" "^5.8.0"
    "@ethersproject/strings" "^5.8.0"

"@jridgewell/resolve-uri@^3.0.3":
  version "3.1.2"
  resolved "https://registry.npmjs.org/@jridgewell/resolve-uri/-/resolve-uri-3.1.2.tgz"
  integrity sha512-bRISgCIjP20/tbWSPWMEi54QVPRZExkuD9lJL+UIxUKtwVJA8wW1Trb1jMs1RFXo1CBTNZ/5hpC9QvmKWdopKw==

"@jridgewell/sourcemap-codec@^1.4.10":
  version "1.5.5"
  resolved "https://registry.npmjs.org/@jridgewell/sourcemap-codec/-/sourcemap-codec-1.5.5.tgz"
  integrity sha512-cYQ9310grqxueWbl+WuIUIaiUaDcj7WOq5fVhEljNVgRfOUhY9fy2zTvfoqWsnebh8Sl70VScFbICvJnLKB0Og==

"@jridgewell/trace-mapping@0.3.9":
  version "0.3.9"
  resolved "https://registry.npmjs.org/@jridgewell/trace-mapping/-/trace-mapping-0.3.9.tgz"
  integrity sha512-3Belt6tdc8bPgAtbcmdtNJlirVoTmEb5e2gC94PnkwEW9jI6CAHUeoG85tjWP5WquqfavoMtMwiG4P926ZKKuQ==
  dependencies:
    "@jridgewell/resolve-uri" "^3.0.3"
    "@jridgewell/sourcemap-codec" "^1.4.10"

"@openzeppelin/contracts@^4.7.3":
  version "4.9.6"
  resolved "https://registry.npmjs.org/@openzeppelin/contracts/-/contracts-4.9.6.tgz"
  integrity sha512-xSmezSupL+y9VkHZJGDoCBpmnB2ogM13ccaYDWqJTfS3dbuHkgjuwDFUmaFauBCboQMGB/S5UqUl2y54X99BmA==

"@tsconfig/node10@^1.0.7":
  version "1.0.12"
  resolved "https://registry.npmjs.org/@tsconfig/node10/-/node10-1.0.12.tgz"
  integrity sha512-UCYBaeFvM11aU2y3YPZ//O5Rhj+xKyzy7mvcIoAjASbigy8mHMryP5cK7dgjlz2hWxh1g5pLw084E0a/wlUSFQ==

"@tsconfig/node12@^1.0.7":
  version "1.0.11"
  resolved "https://registry.npmjs.org/@tsconfig/node12/-/node12-1.0.11.tgz"
  integrity sha512-cqefuRsh12pWyGsIoBKJA9luFu3mRxCA+ORZvA4ktLSzIuCUtWVxGIuXigEwO5/ywWFMZ2QEGKWvkZG1zDMTag==

"@tsconfig/node14@^1.0.0":
  version "1.0.3"
  resolved "https://registry.npmjs.org/@tsconfig/node14/-/node14-1.0.3.tgz"
  integrity sha512-ysT8mhdixWK6Hw3i1V2AeRqZ5WfXg1G43mqoYlM2nc6388Fq5jcXyr5mRsqViLx/GJYdoL0bfXD8nmF+Zn/Iow==

"@tsconfig/node16@^1.0.2":
  version "1.0.4"
  resolved "https://registry.npmjs.org/@tsconfig/node16/-/node16-1.0.4.tgz"
  integrity sha512-vxhUy4J8lyeyinH7Azl1pdd43GJhZH/tP2weN8TntQblOY+A0XbT8DJk1/oCPuOOyg/Ja757rG0CgHcWC8OfMA==

"@types/debug@^4.1.7":
  version "4.1.12"
  resolved "https://registry.npmjs.org/@types/debug/-/debug-4.1.12.tgz"
  integrity sha512-vIChWdVG3LG1SMxEvI/AK+FWJthlrqlTu7fbrlywTkkaONwk/UAGaULXRlf8vkzFBLVm0zkMdCquhL5aOjhXPQ==
  dependencies:
    "@types/ms" "*"

"@types/fs-extra@^11.0.4":
  version "11.0.4"
  resolved "https://registry.npmjs.org/@types/fs-extra/-/fs-extra-11.0.4.tgz"
  integrity sha512-yTbItCNreRooED33qjunPthRcSjERP1r4MqCZc7wv0u2sUkzTFp45tgUfS5+r7FrZPdmCCNflLhVSP/o+SemsQ==
  dependencies:
    "@types/jsonfile" "*"
    "@types/node" "*"

"@types/jsonfile@*":
  version "6.1.4"
  resolved "https://registry.npmjs.org/@types/jsonfile/-/jsonfile-6.1.4.tgz"
  integrity sha512-D5qGUYwjvnNNextdU59/+fI+spnwtTFmyQP0h+PfIOSkNfpU6AOICUOkm4i0OnSk+NyjdPJrxCDro0sJsWlRpQ==
  dependencies:
    "@types/node" "*"

"@types/ms@*":
  version "2.1.0"
  resolved "https://registry.npmjs.org/@types/ms/-/ms-2.1.0.tgz"
  integrity sha512-GsCCIZDE/p3i96vtEqx+7dBUGXrc7zeSK3wwPHIaRThS+9OhWIXRqzs4d6k1SVU8g91DrNRWxWUGhp5KXQb2VA==

"@types/node@*", "@types/node@^25.0.3":
  version "25.0.3"
  resolved "https://registry.npmjs.org/@types/node/-/node-25.0.3.tgz"
  integrity sha512-W609buLVRVmeW693xKfzHeIV6nJGGz98uCPfeXI1ELMLXVeKYZ9m15fAMSaUPBHYLGFsVRcMmSCksQOrZV9BYA==
  dependencies:
    undici-types "~7.16.0"

acorn-walk@^8.1.1:
  version "8.3.4"
  resolved "https://registry.npmjs.org/acorn-walk/-/acorn-walk-8.3.4.tgz"
  integrity sha512-ueEepnujpqee2o5aIYnvHU6C0A42MNdsIDeqy5BydrkuC5R1ZuUFnm27EeFJGoEHJQgn3uleRvmTXaJgfXbt4g==
  dependencies:
    acorn "^8.11.0"

acorn@^8.11.0, acorn@^8.4.1:
  version "8.15.0"
  resolved "https://registry.npmjs.org/acorn/-/acorn-8.15.0.tgz"
  integrity sha512-NZyJarBfL7nWwIq+FDL6Zp/yHEhePMNnnJ0y3qfieCrmNvYct8uvtiV41UvlSe6apAfk0fY1FbWx+NwfmpvtTg==

aes-js@3.0.0:
  version "3.0.0"
  resolved "https://registry.npmjs.org/aes-js/-/aes-js-3.0.0.tgz"
  integrity sha512-H7wUZRn8WpTq9jocdxQ2c8x2sKo9ZVmzfRE13GiNJXfp7NcKYEdvl3vspKjXox6RIG2VtaRe4JFvxG4rqp2Zuw==

arg@^4.1.0:
  version "4.1.3"
  resolved "https://registry.npmjs.org/arg/-/arg-4.1.3.tgz"
  integrity sha512-58S9QDqG0Xx27YwPSt9fJxivjYl432YCwfDMfZ+71RAqUrZef7LrKQZ3LHLOwCS4FLNBplP533Zx895SeOCHvA==

bech32@1.1.4:
  version "1.1.4"
  resolved "https://registry.npmjs.org/bech32/-/bech32-1.1.4.tgz"
  integrity sha512-s0IrSOzLlbvX7yp4WBfPITzpAU8sqQcpsmwXDiKwrG4r491vwCO/XpejasRNl0piBMe/DvP4Tz0mIS/X1DPJBQ==

bn.js@^4.11.9:
  version "4.12.2"
  resolved "https://registry.npmjs.org/bn.js/-/bn.js-4.12.2.tgz"
  integrity sha512-n4DSx829VRTRByMRGdjQ9iqsN0Bh4OolPsFnaZBLcbi8iXcB+kJ9s7EnRt4wILZNV3kPLHkRVfOc/HvhC3ovDw==

bn.js@^5.2.1:
  version "5.2.2"
  resolved "https://registry.npmjs.org/bn.js/-/bn.js-5.2.2.tgz"
  integrity sha512-v2YAxEmKaBLahNwE1mjp4WON6huMNeuDvagFZW+ASCuA/ku0bXR9hSMw0XpiqMoA3+rmnyck/tPRSFQkoC9Cuw==

brorand@^1.1.0:
  version "1.1.0"
  resolved "https://registry.npmjs.org/brorand/-/brorand-1.1.0.tgz"
  integrity sha512-cKV8tMCEpQs4hK/ik71d6LrPOnpkpGBR0wzxqr68g2m/LB2GxVYQroAjMJZRVM1Y4BCjCKc3vAamxSzOY2RP+w==

create-require@^1.1.0:
  version "1.1.1"
  resolved "https://registry.npmjs.org/create-require/-/create-require-1.1.1.tgz"
  integrity sha512-dcKFX3jn0MpIaXjisoRvexIJVEKzaq7z2rZKxf+MSr9TkdmHmsU4m2lcLojrj/FHl8mk5VxMmYA+ftRkP/3oKQ==

debug@^4.3.4:
  version "4.4.3"
  resolved "https://registry.npmjs.org/debug/-/debug-4.4.3.tgz"
  integrity sha512-RGwwWnwQvkVfavKVt22FGLw+xYSdzARwm0ru6DhTVA3umU5hZc28V3kO4stgYryrTlLpuvgI9GiijltAjNbcqA==
  dependencies:
    ms "^2.1.3"

diff@^4.0.1:
  version "4.0.2"
  resolved "https://registry.npmjs.org/diff/-/diff-4.0.2.tgz"
  integrity sha512-58lmxKSA4BNyLz+HHMUzlOEpg09FV+ev6ZMe3vJihgdxzgcwZ8VoEEPmALCZG9LmqfVoNMMKpttIYTVG6uDY7A==

dotenv@^16.6.1:
  version "16.6.1"
  resolved "https://registry.npmjs.org/dotenv/-/dotenv-16.6.1.tgz"
  integrity sha512-uBq4egWHTcTt33a72vpSG0z3HnPuIl6NqYcTrKEg2azoEyl2hpW0zqlxysq2pK9HlDIHyHyakeYaYnSAwd8bow==

elliptic@6.6.1:
  version "6.6.1"
  resolved "https://registry.npmjs.org/elliptic/-/elliptic-6.6.1.tgz"
  integrity sha512-RaddvvMatK2LJHqFJ+YA4WysVN5Ita9E35botqIYspQ4TkRAlCicdzKOjlyv/1Za5RyTNn7di//eEV0uTAfe3g==
  dependencies:
    bn.js "^4.11.9"
    brorand "^1.1.0"
    hash.js "^1.0.0"
    hmac-drbg "^1.0.1"
    inherits "^2.0.4"
    minimalistic-assert "^1.0.1"
    minimalistic-crypto-utils "^1.0.1"

ethers@^5.7.0, ethers@^5.8.0:
  version "5.8.0"
  resolved "https://registry.npmjs.org/ethers/-/ethers-5.8.0.tgz"
  integrity sha512-DUq+7fHrCg1aPDFCHx6UIPb3nmt2XMpM7Y/g2gLhsl3lIBqeAfOJIl1qEvRf2uq3BiKxmh6Fh5pfp2ieyek7Kg==
  dependencies:
    "@ethersproject/abi" "5.8.0"
    "@ethersproject/abstract-provider" "5.8.0"
    "@ethersproject/abstract-signer" "5.8.0"
    "@ethersproject/address" "5.8.0"
    "@ethersproject/base64" "5.8.0"
    "@ethersproject/basex" "5.8.0"
    "@ethersproject/bignumber" "5.8.0"
    "@ethersproject/bytes" "5.8.0"
    "@ethersproject/constants" "5.8.0"
    "@ethersproject/contracts" "5.8.0"
    "@ethersproject/hash" "5.8.0"
    "@ethersproject/hdnode" "5.8.0"
    "@ethersproject/json-wallets" "5.8.0"
    "@ethersproject/keccak256" "5.8.0"
    "@ethersproject/logger" "5.8.0"
    "@ethersproject/networks" "5.8.0"
    "@ethersproject/pbkdf2" "5.8.0"
    "@ethersproject/properties" "5.8.0"
    "@ethersproject/providers" "5.8.0"
    "@ethersproject/random" "5.8.0"
    "@ethersproject/rlp" "5.8.0"
    "@ethersproject/sha2" "5.8.0"
    "@ethersproject/signing-key" "5.8.0"
    "@ethersproject/solidity" "5.8.0"
    "@ethersproject/strings" "5.8.0"
    "@ethersproject/transactions" "5.8.0"
    "@ethersproject/units" "5.8.0"
    "@ethersproject/wallet" "5.8.0"
    "@ethersproject/web" "5.8.0"
    "@ethersproject/wordlists" "5.8.0"

fs-extra@^11.2.0:
  version "11.2.0"
  resolved "https://registry.npmjs.org/fs-extra/-/fs-extra-11.2.0.tgz"
  integrity sha512-PmDi3uwK5nFuXh7XDTlVnS17xJS7vW36is2+w3xcv8SVxiB4NyATf4ctkVY5bkSjX0Y4nbvZCq1/EjtEyr9ktw==
  dependencies:
    graceful-fs "^4.2.0"
    jsonfile "^6.0.1"
    universalify "^2.0.0"

graceful-fs@^4.1.6, graceful-fs@^4.2.0:
  version "4.2.11"
  resolved "https://registry.npmjs.org/graceful-fs/-/graceful-fs-4.2.11.tgz"
  integrity sha512-RbJ5/jmFcNNCcDV5o9eTnBLJ/HszWV0P73bc+Ff4nS/rJj+YaS6IGyiOL0VoBYX+l1Wrl3k63h/KrH+nhJ0XvQ==

hash.js@^1.0.0, hash.js@^1.0.3, hash.js@1.1.7:
  version "1.1.7"
  resolved "https://registry.npmjs.org/hash.js/-/hash.js-1.1.7.tgz"
  integrity sha512-taOaskGt4z4SOANNseOviYDvjEJinIkRgmp7LbKP2YTTmVxWBl87s/uzK9r+44BclBSp2X7K1hqeNfz9JbBeXA==
  dependencies:
    inherits "^2.0.3"
    minimalistic-assert "^1.0.1"

hmac-drbg@^1.0.1:
  version "1.0.1"
  resolved "https://registry.npmjs.org/hmac-drbg/-/hmac-drbg-1.0.1.tgz"
  integrity sha512-Tti3gMqLdZfhOQY1Mzf/AanLiqh1WTiJgEj26ZuYQ9fbkLomzGchCws4FyrSd4VkpBfiNhaE1On+lOz894jvXg==
  dependencies:
    hash.js "^1.0.3"
    minimalistic-assert "^1.0.0"
    minimalistic-crypto-utils "^1.0.1"

inherits@^2.0.3, inherits@^2.0.4:
  version "2.0.4"
  resolved "https://registry.npmjs.org/inherits/-/inherits-2.0.4.tgz"
  integrity sha512-k/vGaX4/Yla3WzyMCvTQOXYeIHvqOKtnqBduzTHpzpQZzAskKMhZ2K+EnBiSM9zGSoIFeMpXKxa4dYeZIQqewQ==

js-sha3@0.8.0:
  version "0.8.0"
  resolved "https://registry.npmjs.org/js-sha3/-/js-sha3-0.8.0.tgz"
  integrity sha512-gF1cRrHhIzNfToc802P800N8PpXS+evLLXfsVpowqmAFR9uwbi89WvXg2QspOmXL8QL86J4T1EpFu+yUkwJY3Q==

jsonfile@^6.0.1:
  version "6.1.0"
  resolved "https://registry.npmjs.org/jsonfile/-/jsonfile-6.1.0.tgz"
  integrity sha512-5dgndWOriYSm5cnYaJNhalLNDKOqFwyDB/rr1E9ZsGciGvKPs8R2xYGCacuf3z6K1YKDz182fd+fY3cn3pMqXQ==
  dependencies:
    universalify "^2.0.0"
  optionalDependencies:
    graceful-fs "^4.1.6"

make-error@^1.1.1:
  version "1.3.6"
  resolved "https://registry.npmjs.org/make-error/-/make-error-1.3.6.tgz"
  integrity sha512-s8UhlNe7vPKomQhC1qFelMokr/Sc3AgNbso3n74mVPA5LTZwkB9NlXf4XPamLxJE8h0gh73rM94xvwRT2CVInw==

minimalistic-assert@^1.0.0, minimalistic-assert@^1.0.1:
  version "1.0.1"
  resolved "https://registry.npmjs.org/minimalistic-assert/-/minimalistic-assert-1.0.1.tgz"
  integrity sha512-UtJcAD4yEaGtjPezWuO9wC4nwUnVH/8/Im3yEHQP4b67cXlD/Qr9hdITCU1xDbSEXg2XKNaP8jsReV7vQd00/A==

minimalistic-crypto-utils@^1.0.1:
  version "1.0.1"
  resolved "https://registry.npmjs.org/minimalistic-crypto-utils/-/minimalistic-crypto-utils-1.0.1.tgz"
  integrity sha512-JIYlbt6g8i5jKfJ3xz7rF0LXmv2TkDxBLUkiBeZ7bAx4GnnNMr8xFpGnOxn6GhTEHx3SjRrZEoU+j04prX1ktg==

ms@^2.1.3:
  version "2.1.3"
  resolved "https://registry.npmjs.org/ms/-/ms-2.1.3.tgz"
  integrity sha512-6FlzubTLZG3J2a/NVCAleEhjzq5oxgHyaCU9yYXvcLsvoVaHJq/s5xXI6/XXP6tz7R9xAOtHnSO/tXtF3WRTlA==

scrypt-js@3.0.1:
  version "3.0.1"
  resolved "https://registry.npmjs.org/scrypt-js/-/scrypt-js-3.0.1.tgz"
  integrity sha512-cdwTTnqPu0Hyvf5in5asVdZocVDTNRmR7XEcJuIzMjJeSHybHl7vpB66AzwTaIg6CLSbtjcxc8fqcySfnTkccA==

ts-node@^10.9.2:
  version "10.9.2"
  resolved "https://registry.npmjs.org/ts-node/-/ts-node-10.9.2.tgz"
  integrity sha512-f0FFpIdcHgn8zcPSbf1dRevwt047YMnaiJM3u2w2RewrB+fob/zePZcrOyQoLMMO7aBIddLcQIEK5dYjkLnGrQ==
  dependencies:
    "@cspotcode/source-map-support" "^0.8.0"
    "@tsconfig/node10" "^1.0.7"
    "@tsconfig/node12" "^1.0.7"
    "@tsconfig/node14" "^1.0.0"
    "@tsconfig/node16" "^1.0.2"
    acorn "^8.4.1"
    acorn-walk "^8.1.1"
    arg "^4.1.0"
    create-require "^1.1.0"
    diff "^4.0.1"
    make-error "^1.1.1"
    v8-compile-cache-lib "^3.0.1"
    yn "3.1.1"

typescript@^5.9.3:
  version "5.9.3"
  resolved "https://registry.npmjs.org/typescript/-/typescript-5.9.3.tgz"
  integrity sha512-jl1vZzPDinLr9eUt3J/t7V6FgNEw9QjvBPdysz9KfQDD41fQrC2Y4vKQdiaUpFT4bXlb1RHhLpp8wtm6M5TgSw==

undici-types@~7.16.0:
  version "7.16.0"
  resolved "https://registry.npmjs.org/undici-types/-/undici-types-7.16.0.tgz"
  integrity sha512-Zz+aZWSj8LE6zoxD+xrjh4VfkIG8Ya6LvYkZqtUQGJPZjYl53ypCaUwWqo7eI0x66KBGeRo+mlBEkMSeSZ38Nw==

universalify@^2.0.0:
  version "2.0.1"
  resolved "https://registry.npmjs.org/universalify/-/universalify-2.0.1.tgz"
  integrity sha512-gptHNQghINnc/vTGIk0SOFGFNXw7JVrlRUtConJRlvaw6DuX0wO5Jeko9sWrMBhh+PsYAZ7oXAiOnf/UKogyiw==

v8-compile-cache-lib@^3.0.1:
  version "3.0.1"
  resolved "https://registry.npmjs.org/v8-compile-cache-lib/-/v8-compile-cache-lib-3.0.1.tgz"
  integrity sha512-wa7YjyUGfNZngI/vtK0UHAN+lgDCxBPCylVXGp0zu59Fz5aiGtNXaq3DhIov063MorB+VfufLh3JlF2KdTK3xg==

ws@8.18.0:
  version "8.18.0"
  resolved "https://registry.npmjs.org/ws/-/ws-8.18.0.tgz"
  integrity sha512-8VbfWfHLbbwu3+N6OKsOMpBdT4kXPDDB9cJk2bJ6mh9ucxdlnNvH1e+roYkKmN9Nxw2yjz7VzeO9oOz2zJ04Pw==

yn@3.1.1:
  version "3.1.1"
  resolved "https://registry.npmjs.org/yn/-/yn-3.1.1.tgz"
  integrity sha512-Ux4ygGWsu2c7isFWe8Yu1YluJmqVhxqK2cLXNQA5AcC3QfbGNpM7fu0Y8b/z16pXLnFxZYvWhd3fhBY9DLmC6Q==

zksync-ethers@^6.8.0:
  version "6.8.0"
  resolved "https://registry.npmjs.org/zksync-ethers/-/zksync-ethers-6.8.0.tgz"
  integrity sha512-y/8IZcotKfdG04qKKhGTWA0k/6woe3LmrwKVBqQ5NuvWPb0ClEv5y9QF/oNY9V5hZXotavk5N+MRAG0mt2DF9w==
